// !$*UTF8*$!
{
	archiveVersion = 1;
	classes = {
	};
	objectVersion = 55;
	objects = {

/* Begin PBXBuildFile section */
		163A3DC8F8A1D368C9EB943C /* Pods_Tiktok.framework in Frameworks */ = {isa = PBXBuildFile; fileRef = D0011583DAE61DFED76AA4DB /* Pods_Tiktok.framework */; };
		F73114082887154000BEEFD7 /* AuthField.swift in Sources */ = {isa = PBXBuildFile; fileRef = F73114072887154000BEEFD7 /* AuthField.swift */; };
		F731140B2887158700BEEFD7 /* AuthButton.swift in Sources */ = {isa = PBXBuildFile; fileRef = F731140A2887158700BEEFD7 /* AuthButton.swift */; };
		F797538B286FD3D600A60474 /* GoogleService-Info.plist in Resources */ = {isa = PBXBuildFile; fileRef = F797538A286FD3D600A60474 /* GoogleService-Info.plist */; };
		F797538E286FF67900A60474 /* Extensions.swift in Sources */ = {isa = PBXBuildFile; fileRef = F797538D286FF67900A60474 /* Extensions.swift */; };
		F7975390287000D600A60474 /* PostModel.swift in Sources */ = {isa = PBXBuildFile; fileRef = F797538F287000D600A60474 /* PostModel.swift */; };
		F79753922871E3B200A60474 /* CommentViewController.swift in Sources */ = {isa = PBXBuildFile; fileRef = F79753912871E3B200A60474 /* CommentViewController.swift */; };
		F797539428728ED700A60474 /* User.swift in Sources */ = {isa = PBXBuildFile; fileRef = F797539328728ED700A60474 /* User.swift */; };
		F797539628728F3100A60474 /* postComment.swift in Sources */ = {isa = PBXBuildFile; fileRef = F797539528728F3100A60474 /* postComment.swift */; };
		F7975398287299F500A60474 /* CommentTableViewCell.swift in Sources */ = {isa = PBXBuildFile; fileRef = F7975397287299F500A60474 /* CommentTableViewCell.swift */; };
		F797539A2874102600A60474 /* m.mp4 in Resources */ = {isa = PBXBuildFile; fileRef = F79753992874102600A60474 /* m.mp4 */; };
		F797539C287427AA00A60474 /* ExploreBannerViewModel.swift in Sources */ = {isa = PBXBuildFile; fileRef = F797539B287427AA00A60474 /* ExploreBannerViewModel.swift */; };
		F797539E287427C000A60474 /* ExplorePostViewModel.swift in Sources */ = {isa = PBXBuildFile; fileRef = F797539D287427C000A60474 /* ExplorePostViewModel.swift */; };
		F79753A0287427DE00A60474 /* ExploreHashTagViewModel.swift in Sources */ = {isa = PBXBuildFile; fileRef = F797539F287427DE00A60474 /* ExploreHashTagViewModel.swift */; };
		F79753A2287427F500A60474 /* ExploreUserViewModel.swift in Sources */ = {isa = PBXBuildFile; fileRef = F79753A1287427F400A60474 /* ExploreUserViewModel.swift */; };
		F79753A42874283600A60474 /* ExploreManager.swift in Sources */ = {isa = PBXBuildFile; fileRef = F79753A32874283600A60474 /* ExploreManager.swift */; };
		F79753A72874285700A60474 /* ExploreSection.swift in Sources */ = {isa = PBXBuildFile; fileRef = F79753A62874285700A60474 /* ExploreSection.swift */; };
		F79753A92874287600A60474 /* ExploreCell.swift in Sources */ = {isa = PBXBuildFile; fileRef = F79753A82874287600A60474 /* ExploreCell.swift */; };
		F79753AB2874288900A60474 /* ExploreSectionType.swift in Sources */ = {isa = PBXBuildFile; fileRef = F79753AA2874288900A60474 /* ExploreSectionType.swift */; };
		F79753AD287428A100A60474 /* ExploreResponse.swift in Sources */ = {isa = PBXBuildFile; fileRef = F79753AC287428A100A60474 /* ExploreResponse.swift */; };
		F79753AF287428AC00A60474 /* Banner.swift in Sources */ = {isa = PBXBuildFile; fileRef = F79753AE287428AC00A60474 /* Banner.swift */; };
		F79753B1287428B400A60474 /* Post.swift in Sources */ = {isa = PBXBuildFile; fileRef = F79753B0287428B400A60474 /* Post.swift */; };
		F79753B3287428C200A60474 /* Hashtag.swift in Sources */ = {isa = PBXBuildFile; fileRef = F79753B2287428C200A60474 /* Hashtag.swift */; };
		F79753B5287428CB00A60474 /* Creator.swift in Sources */ = {isa = PBXBuildFile; fileRef = F79753B4287428CB00A60474 /* Creator.swift */; };
		F79753B8287447FA00A60474 /* ExploreUserCollectionViewCell.swift in Sources */ = {isa = PBXBuildFile; fileRef = F79753B7287447FA00A60474 /* ExploreUserCollectionViewCell.swift */; };
		F79753BA2874480800A60474 /* ExploreHashtagCollectionViewCell.swift in Sources */ = {isa = PBXBuildFile; fileRef = F79753B92874480800A60474 /* ExploreHashtagCollectionViewCell.swift */; };
		F79753BC2874481500A60474 /* ExplorePostCollectionViewCell.swift in Sources */ = {isa = PBXBuildFile; fileRef = F79753BB2874481500A60474 /* ExplorePostCollectionViewCell.swift */; };
		F79753BE2874482100A60474 /* ExploreBannerCollectionViewCell.swift in Sources */ = {isa = PBXBuildFile; fileRef = F79753BD2874482100A60474 /* ExploreBannerCollectionViewCell.swift */; };
		F79753C228744D0200A60474 /* explore.json in Resources */ = {isa = PBXBuildFile; fileRef = F79753C128744D0200A60474 /* explore.json */; };
		F7DCF8C4286FB9800080F027 /* AppDelegate.swift in Sources */ = {isa = PBXBuildFile; fileRef = F7DCF8C3286FB9800080F027 /* AppDelegate.swift */; };
		F7DCF8C6286FB9800080F027 /* SceneDelegate.swift in Sources */ = {isa = PBXBuildFile; fileRef = F7DCF8C5286FB9800080F027 /* SceneDelegate.swift */; };
		F7DCF8C8286FB9800080F027 /* HomeViewController.swift in Sources */ = {isa = PBXBuildFile; fileRef = F7DCF8C7286FB9800080F027 /* HomeViewController.swift */; };
		F7DCF8D0286FB9820080F027 /* LaunchScreen.storyboard in Resources */ = {isa = PBXBuildFile; fileRef = F7DCF8CE286FB9820080F027 /* LaunchScreen.storyboard */; };
		F7DCF8E0286FC3860080F027 /* ExploreViewController.swift in Sources */ = {isa = PBXBuildFile; fileRef = F7DCF8DF286FC3860080F027 /* ExploreViewController.swift */; };
		F7DCF8E2286FC3920080F027 /* CameraViewController.swift in Sources */ = {isa = PBXBuildFile; fileRef = F7DCF8E1286FC3920080F027 /* CameraViewController.swift */; };
		F7DCF8E4286FC39E0080F027 /* NotificationsViewController.swift in Sources */ = {isa = PBXBuildFile; fileRef = F7DCF8E3286FC39E0080F027 /* NotificationsViewController.swift */; };
		F7DCF8E6286FC3A90080F027 /* ProfileViewController.swift in Sources */ = {isa = PBXBuildFile; fileRef = F7DCF8E5286FC3A90080F027 /* ProfileViewController.swift */; };
		F7DCF8E8286FC3C20080F027 /* UserListViewController.swift in Sources */ = {isa = PBXBuildFile; fileRef = F7DCF8E7286FC3C20080F027 /* UserListViewController.swift */; };
		F7DCF8EA286FC3D20080F027 /* SignUpViewController.swift in Sources */ = {isa = PBXBuildFile; fileRef = F7DCF8E9286FC3D20080F027 /* SignUpViewController.swift */; };
		F7DCF8EC286FC3DE0080F027 /* SignInViewController.swift in Sources */ = {isa = PBXBuildFile; fileRef = F7DCF8EB286FC3DE0080F027 /* SignInViewController.swift */; };
		F7DCF8EE286FC3EB0080F027 /* SettingViewController.swift in Sources */ = {isa = PBXBuildFile; fileRef = F7DCF8ED286FC3EB0080F027 /* SettingViewController.swift */; };
		F7DCF8F0286FC41B0080F027 /* TabBarViewController.swift in Sources */ = {isa = PBXBuildFile; fileRef = F7DCF8EF286FC41B0080F027 /* TabBarViewController.swift */; };
		F7DCF8F4286FC4A40080F027 /* PostViewController.swift in Sources */ = {isa = PBXBuildFile; fileRef = F7DCF8F3286FC4A40080F027 /* PostViewController.swift */; };
		F7DCF8F8286FC4C20080F027 /* StorageManager.swift in Sources */ = {isa = PBXBuildFile; fileRef = F7DCF8F7286FC4C20080F027 /* StorageManager.swift */; };
		F7DCF8FA286FC4D90080F027 /* DatabaseManager.swift in Sources */ = {isa = PBXBuildFile; fileRef = F7DCF8F9286FC4D90080F027 /* DatabaseManager.swift */; };
		F7DCF8FC286FC4F40080F027 /* AuthenticationManager.swift in Sources */ = {isa = PBXBuildFile; fileRef = F7DCF8FB286FC4F40080F027 /* AuthenticationManager.swift */; };
		F7DCF8FE286FC5100080F027 /* HapticsManager.swift in Sources */ = {isa = PBXBuildFile; fileRef = F7DCF8FD286FC5100080F027 /* HapticsManager.swift */; };
		F7DCF902286FCE8D0080F027 /* Asset.xcassets in Resources */ = {isa = PBXBuildFile; fileRef = F7DCF901286FCE8D0080F027 /* Asset.xcassets */; };
/* End PBXBuildFile section */

/* Begin PBXFileReference section */
		8A5FDCBC4ED90FFA3E9320F8 /* Pods-Tiktok.release.xcconfig */ = {isa = PBXFileReference; includeInIndex = 1; lastKnownFileType = text.xcconfig; name = "Pods-Tiktok.release.xcconfig"; path = "Target Support Files/Pods-Tiktok/Pods-Tiktok.release.xcconfig"; sourceTree = "<group>"; };
		B5CE6E5E67A36FEA48C23B25 /* Pods-Tiktok.debug.xcconfig */ = {isa = PBXFileReference; includeInIndex = 1; lastKnownFileType = text.xcconfig; name = "Pods-Tiktok.debug.xcconfig"; path = "Target Support Files/Pods-Tiktok/Pods-Tiktok.debug.xcconfig"; sourceTree = "<group>"; };
		D0011583DAE61DFED76AA4DB /* Pods_Tiktok.framework */ = {isa = PBXFileReference; explicitFileType = wrapper.framework; includeInIndex = 0; path = Pods_Tiktok.framework; sourceTree = BUILT_PRODUCTS_DIR; };
		F73114072887154000BEEFD7 /* AuthField.swift */ = {isa = PBXFileReference; lastKnownFileType = sourcecode.swift; path = AuthField.swift; sourceTree = "<group>"; };
		F731140A2887158700BEEFD7 /* AuthButton.swift */ = {isa = PBXFileReference; lastKnownFileType = sourcecode.swift; path = AuthButton.swift; sourceTree = "<group>"; };
		F797538A286FD3D600A60474 /* GoogleService-Info.plist */ = {isa = PBXFileReference; lastKnownFileType = text.plist; path = "GoogleService-Info.plist"; sourceTree = SOURCE_ROOT; };
		F797538D286FF67900A60474 /* Extensions.swift */ = {isa = PBXFileReference; lastKnownFileType = sourcecode.swift; path = Extensions.swift; sourceTree = "<group>"; };
		F797538F287000D600A60474 /* PostModel.swift */ = {isa = PBXFileReference; lastKnownFileType = sourcecode.swift; path = PostModel.swift; sourceTree = "<group>"; };
		F79753912871E3B200A60474 /* CommentViewController.swift */ = {isa = PBXFileReference; lastKnownFileType = sourcecode.swift; path = CommentViewController.swift; sourceTree = "<group>"; };
		F797539328728ED700A60474 /* User.swift */ = {isa = PBXFileReference; lastKnownFileType = sourcecode.swift; path = User.swift; sourceTree = "<group>"; };
		F797539528728F3100A60474 /* postComment.swift */ = {isa = PBXFileReference; lastKnownFileType = sourcecode.swift; path = postComment.swift; sourceTree = "<group>"; };
		F7975397287299F500A60474 /* CommentTableViewCell.swift */ = {isa = PBXFileReference; lastKnownFileType = sourcecode.swift; path = CommentTableViewCell.swift; sourceTree = "<group>"; };
		F79753992874102600A60474 /* m.mp4 */ = {isa = PBXFileReference; lastKnownFileType = file; path = m.mp4; sourceTree = SOURCE_ROOT; };
		F797539B287427AA00A60474 /* ExploreBannerViewModel.swift */ = {isa = PBXFileReference; lastKnownFileType = sourcecode.swift; path = ExploreBannerViewModel.swift; sourceTree = "<group>"; };
		F797539D287427C000A60474 /* ExplorePostViewModel.swift */ = {isa = PBXFileReference; lastKnownFileType = sourcecode.swift; path = ExplorePostViewModel.swift; sourceTree = "<group>"; };
		F797539F287427DE00A60474 /* ExploreHashTagViewModel.swift */ = {isa = PBXFileReference; lastKnownFileType = sourcecode.swift; path = ExploreHashTagViewModel.swift; sourceTree = "<group>"; };
		F79753A1287427F400A60474 /* ExploreUserViewModel.swift */ = {isa = PBXFileReference; lastKnownFileType = sourcecode.swift; path = ExploreUserViewModel.swift; sourceTree = "<group>"; };
		F79753A32874283600A60474 /* ExploreManager.swift */ = {isa = PBXFileReference; lastKnownFileType = sourcecode.swift; path = ExploreManager.swift; sourceTree = "<group>"; };
		F79753A62874285700A60474 /* ExploreSection.swift */ = {isa = PBXFileReference; lastKnownFileType = sourcecode.swift; path = ExploreSection.swift; sourceTree = "<group>"; };
		F79753A82874287600A60474 /* ExploreCell.swift */ = {isa = PBXFileReference; lastKnownFileType = sourcecode.swift; path = ExploreCell.swift; sourceTree = "<group>"; };
		F79753AA2874288900A60474 /* ExploreSectionType.swift */ = {isa = PBXFileReference; lastKnownFileType = sourcecode.swift; path = ExploreSectionType.swift; sourceTree = "<group>"; };
		F79753AC287428A100A60474 /* ExploreResponse.swift */ = {isa = PBXFileReference; lastKnownFileType = sourcecode.swift; path = ExploreResponse.swift; sourceTree = "<group>"; };
		F79753AE287428AC00A60474 /* Banner.swift */ = {isa = PBXFileReference; lastKnownFileType = sourcecode.swift; path = Banner.swift; sourceTree = "<group>"; };
		F79753B0287428B400A60474 /* Post.swift */ = {isa = PBXFileReference; lastKnownFileType = sourcecode.swift; path = Post.swift; sourceTree = "<group>"; };
		F79753B2287428C200A60474 /* Hashtag.swift */ = {isa = PBXFileReference; lastKnownFileType = sourcecode.swift; path = Hashtag.swift; sourceTree = "<group>"; };
		F79753B4287428CB00A60474 /* Creator.swift */ = {isa = PBXFileReference; lastKnownFileType = sourcecode.swift; path = Creator.swift; sourceTree = "<group>"; };
		F79753B7287447FA00A60474 /* ExploreUserCollectionViewCell.swift */ = {isa = PBXFileReference; lastKnownFileType = sourcecode.swift; path = ExploreUserCollectionViewCell.swift; sourceTree = "<group>"; };
		F79753B92874480800A60474 /* ExploreHashtagCollectionViewCell.swift */ = {isa = PBXFileReference; lastKnownFileType = sourcecode.swift; path = ExploreHashtagCollectionViewCell.swift; sourceTree = "<group>"; };
		F79753BB2874481500A60474 /* ExplorePostCollectionViewCell.swift */ = {isa = PBXFileReference; lastKnownFileType = sourcecode.swift; path = ExplorePostCollectionViewCell.swift; sourceTree = "<group>"; };
		F79753BD2874482100A60474 /* ExploreBannerCollectionViewCell.swift */ = {isa = PBXFileReference; lastKnownFileType = sourcecode.swift; path = ExploreBannerCollectionViewCell.swift; sourceTree = "<group>"; };
		F79753C128744D0200A60474 /* explore.json */ = {isa = PBXFileReference; fileEncoding = 4; lastKnownFileType = text.json; name = explore.json; path = Tiktok/Resources/explore.json; sourceTree = SOURCE_ROOT; };
		F7DCF8C0286FB9800080F027 /* Tiktok.app */ = {isa = PBXFileReference; explicitFileType = wrapper.application; includeInIndex = 0; path = Tiktok.app; sourceTree = BUILT_PRODUCTS_DIR; };
		F7DCF8C3286FB9800080F027 /* AppDelegate.swift */ = {isa = PBXFileReference; lastKnownFileType = sourcecode.swift; path = AppDelegate.swift; sourceTree = "<group>"; };
		F7DCF8C5286FB9800080F027 /* SceneDelegate.swift */ = {isa = PBXFileReference; lastKnownFileType = sourcecode.swift; path = SceneDelegate.swift; sourceTree = "<group>"; };
		F7DCF8C7286FB9800080F027 /* HomeViewController.swift */ = {isa = PBXFileReference; lastKnownFileType = sourcecode.swift; path = HomeViewController.swift; sourceTree = "<group>"; };
		F7DCF8CF286FB9820080F027 /* Base */ = {isa = PBXFileReference; lastKnownFileType = file.storyboard; name = Base; path = Base.lproj/LaunchScreen.storyboard; sourceTree = "<group>"; };
		F7DCF8D1286FB9820080F027 /* Info.plist */ = {isa = PBXFileReference; lastKnownFileType = text.plist.xml; path = Info.plist; sourceTree = "<group>"; };
		F7DCF8DF286FC3860080F027 /* ExploreViewController.swift */ = {isa = PBXFileReference; lastKnownFileType = sourcecode.swift; path = ExploreViewController.swift; sourceTree = "<group>"; };
		F7DCF8E1286FC3920080F027 /* CameraViewController.swift */ = {isa = PBXFileReference; lastKnownFileType = sourcecode.swift; path = CameraViewController.swift; sourceTree = "<group>"; };
		F7DCF8E3286FC39E0080F027 /* NotificationsViewController.swift */ = {isa = PBXFileReference; lastKnownFileType = sourcecode.swift; path = NotificationsViewController.swift; sourceTree = "<group>"; };
		F7DCF8E5286FC3A90080F027 /* ProfileViewController.swift */ = {isa = PBXFileReference; lastKnownFileType = sourcecode.swift; path = ProfileViewController.swift; sourceTree = "<group>"; };
		F7DCF8E7286FC3C20080F027 /* UserListViewController.swift */ = {isa = PBXFileReference; lastKnownFileType = sourcecode.swift; path = UserListViewController.swift; sourceTree = "<group>"; };
		F7DCF8E9286FC3D20080F027 /* SignUpViewController.swift */ = {isa = PBXFileReference; lastKnownFileType = sourcecode.swift; path = SignUpViewController.swift; sourceTree = "<group>"; };
		F7DCF8EB286FC3DE0080F027 /* SignInViewController.swift */ = {isa = PBXFileReference; lastKnownFileType = sourcecode.swift; path = SignInViewController.swift; sourceTree = "<group>"; };
		F7DCF8ED286FC3EB0080F027 /* SettingViewController.swift */ = {isa = PBXFileReference; lastKnownFileType = sourcecode.swift; path = SettingViewController.swift; sourceTree = "<group>"; };
		F7DCF8EF286FC41B0080F027 /* TabBarViewController.swift */ = {isa = PBXFileReference; lastKnownFileType = sourcecode.swift; path = TabBarViewController.swift; sourceTree = "<group>"; };
		F7DCF8F3286FC4A40080F027 /* PostViewController.swift */ = {isa = PBXFileReference; lastKnownFileType = sourcecode.swift; path = PostViewController.swift; sourceTree = "<group>"; };
		F7DCF8F7286FC4C20080F027 /* StorageManager.swift */ = {isa = PBXFileReference; lastKnownFileType = sourcecode.swift; path = StorageManager.swift; sourceTree = "<group>"; };
		F7DCF8F9286FC4D90080F027 /* DatabaseManager.swift */ = {isa = PBXFileReference; lastKnownFileType = sourcecode.swift; path = DatabaseManager.swift; sourceTree = "<group>"; };
		F7DCF8FB286FC4F40080F027 /* AuthenticationManager.swift */ = {isa = PBXFileReference; lastKnownFileType = sourcecode.swift; path = AuthenticationManager.swift; sourceTree = "<group>"; };
		F7DCF8FD286FC5100080F027 /* HapticsManager.swift */ = {isa = PBXFileReference; lastKnownFileType = sourcecode.swift; path = HapticsManager.swift; sourceTree = "<group>"; };
		F7DCF901286FCE8D0080F027 /* Asset.xcassets */ = {isa = PBXFileReference; lastKnownFileType = folder.assetcatalog; path = Asset.xcassets; sourceTree = "<group>"; };
/* End PBXFileReference section */

/* Begin PBXFrameworksBuildPhase section */
		F7DCF8BD286FB9800080F027 /* Frameworks */ = {
			isa = PBXFrameworksBuildPhase;
			buildActionMask = 2147483647;
			files = (
				163A3DC8F8A1D368C9EB943C /* Pods_Tiktok.framework in Frameworks */,
			);
			runOnlyForDeploymentPostprocessing = 0;
		};
/* End PBXFrameworksBuildPhase section */

/* Begin PBXGroup section */
		919E737B09EE19565BCE35E0 /* Frameworks */ = {
			isa = PBXGroup;
			children = (
				D0011583DAE61DFED76AA4DB /* Pods_Tiktok.framework */,
			);
			name = Frameworks;
			sourceTree = "<group>";
		};
		F73114092887155300BEEFD7 /* Auth */ = {
			isa = PBXGroup;
			children = (
				F73114072887154000BEEFD7 /* AuthField.swift */,
				F731140A2887158700BEEFD7 /* AuthButton.swift */,
			);
			path = Auth;
			sourceTree = "<group>";
		};
		F731140C2887161800BEEFD7 /* Auth */ = {
			isa = PBXGroup;
			children = (
				F7DCF8E9286FC3D20080F027 /* SignUpViewController.swift */,
				F7DCF8EB286FC3DE0080F027 /* SignInViewController.swift */,
			);
			path = Auth;
			sourceTree = "<group>";
		};
		F79753A52874283D00A60474 /* Explore */ = {
			isa = PBXGroup;
			children = (
				F79753A82874287600A60474 /* ExploreCell.swift */,
				F79753AA2874288900A60474 /* ExploreSectionType.swift */,
				F79753AC287428A100A60474 /* ExploreResponse.swift */,
				F79753AE287428AC00A60474 /* Banner.swift */,
				F79753B0287428B400A60474 /* Post.swift */,
				F79753B2287428C200A60474 /* Hashtag.swift */,
				F79753B4287428CB00A60474 /* Creator.swift */,
			);
			path = Explore;
			sourceTree = "<group>";
		};
		F79753B6287447EA00A60474 /* Explore */ = {
			isa = PBXGroup;
			children = (
				F79753B7287447FA00A60474 /* ExploreUserCollectionViewCell.swift */,
				F79753B92874480800A60474 /* ExploreHashtagCollectionViewCell.swift */,
				F79753BD2874482100A60474 /* ExploreBannerCollectionViewCell.swift */,
				F79753BB2874481500A60474 /* ExplorePostCollectionViewCell.swift */,
			);
			path = Explore;
			sourceTree = "<group>";
		};
		F7DCF8B7286FB9800080F027 = {
			isa = PBXGroup;
			children = (
				F7DCF8C2286FB9800080F027 /* Tiktok */,
				F7DCF8C1286FB9800080F027 /* Products */,
				FC864729833DFC0BF0200DED /* Pods */,
				919E737B09EE19565BCE35E0 /* Frameworks */,
			);
			sourceTree = "<group>";
		};
		F7DCF8C1286FB9800080F027 /* Products */ = {
			isa = PBXGroup;
			children = (
				F7DCF8C0286FB9800080F027 /* Tiktok.app */,
			);
			name = Products;
			sourceTree = "<group>";
		};
		F7DCF8C2286FB9800080F027 /* Tiktok */ = {
			isa = PBXGroup;
			children = (
				F7DCF8DC286FC2B00080F027 /* Managers */,
				F7DCF8DB286FC2A80080F027 /* ViewModels */,
				F7DCF8DA286FC2A00080F027 /* Models */,
				F7DCF8D9286FC2920080F027 /* Views */,
				F7DCF8D8286FC28A0080F027 /* Controllers */,
				F7DCF8D7286FC27D0080F027 /* Resources */,
				F7DCF8D1286FB9820080F027 /* Info.plist */,
			);
			path = Tiktok;
			sourceTree = "<group>";
		};
		F7DCF8D7286FC27D0080F027 /* Resources */ = {
			isa = PBXGroup;
			children = (
				F797538A286FD3D600A60474 /* GoogleService-Info.plist */,
				F7DCF8C3286FB9800080F027 /* AppDelegate.swift */,
				F7DCF8C5286FB9800080F027 /* SceneDelegate.swift */,
				F7DCF901286FCE8D0080F027 /* Asset.xcassets */,
				F79753C128744D0200A60474 /* explore.json */,
				F79753992874102600A60474 /* m.mp4 */,
				F797538D286FF67900A60474 /* Extensions.swift */,
			);
			path = Resources;
			sourceTree = "<group>";
		};
		F7DCF8D8286FC28A0080F027 /* Controllers */ = {
			isa = PBXGroup;
			children = (
				F7DCF8DE286FC35C0080F027 /* Other */,
				F7DCF8DD286FC34B0080F027 /* Core */,
			);
			path = Controllers;
			sourceTree = "<group>";
		};
		F7DCF8D9286FC2920080F027 /* Views */ = {
			isa = PBXGroup;
			children = (
				F7DCF8F2286FC47D0080F027 /* Other */,
				F7DCF8F1286FC46E0080F027 /* Storyboards */,
				F7975397287299F500A60474 /* CommentTableViewCell.swift */,
			);
			path = Views;
			sourceTree = "<group>";
		};
		F7DCF8DA286FC2A00080F027 /* Models */ = {
			isa = PBXGroup;
			children = (
				F79753A62874285700A60474 /* ExploreSection.swift */,
				F79753A52874283D00A60474 /* Explore */,
				F797538F287000D600A60474 /* PostModel.swift */,
				F797539328728ED700A60474 /* User.swift */,
				F797539528728F3100A60474 /* postComment.swift */,
			);
			path = Models;
			sourceTree = "<group>";
		};
		F7DCF8DB286FC2A80080F027 /* ViewModels */ = {
			isa = PBXGroup;
			children = (
				F797539B287427AA00A60474 /* ExploreBannerViewModel.swift */,
				F797539D287427C000A60474 /* ExplorePostViewModel.swift */,
				F797539F287427DE00A60474 /* ExploreHashTagViewModel.swift */,
				F79753A1287427F400A60474 /* ExploreUserViewModel.swift */,
			);
			path = ViewModels;
			sourceTree = "<group>";
		};
		F7DCF8DC286FC2B00080F027 /* Managers */ = {
			isa = PBXGroup;
			children = (
				F7DCF8F9286FC4D90080F027 /* DatabaseManager.swift */,
				F7DCF8F7286FC4C20080F027 /* StorageManager.swift */,
				F7DCF8FB286FC4F40080F027 /* AuthenticationManager.swift */,
				F7DCF8FD286FC5100080F027 /* HapticsManager.swift */,
				F79753A32874283600A60474 /* ExploreManager.swift */,
			);
			path = Managers;
			sourceTree = "<group>";
		};
		F7DCF8DD286FC34B0080F027 /* Core */ = {
			isa = PBXGroup;
			children = (
				F7DCF8C7286FB9800080F027 /* HomeViewController.swift */,
				F7DCF8DF286FC3860080F027 /* ExploreViewController.swift */,
				F7DCF8E1286FC3920080F027 /* CameraViewController.swift */,
				F7DCF8E3286FC39E0080F027 /* NotificationsViewController.swift */,
				F7DCF8E5286FC3A90080F027 /* ProfileViewController.swift */,
				F7DCF8EF286FC41B0080F027 /* TabBarViewController.swift */,
			);
			path = Core;
			sourceTree = "<group>";
		};
		F7DCF8DE286FC35C0080F027 /* Other */ = {
			isa = PBXGroup;
			children = (
				F731140C2887161800BEEFD7 /* Auth */,
				F7DCF8E7286FC3C20080F027 /* UserListViewController.swift */,
				F7DCF8ED286FC3EB0080F027 /* SettingViewController.swift */,
				F7DCF8F3286FC4A40080F027 /* PostViewController.swift */,
				F79753912871E3B200A60474 /* CommentViewController.swift */,
			);
			path = Other;
			sourceTree = "<group>";
		};
		F7DCF8F1286FC46E0080F027 /* Storyboards */ = {
			isa = PBXGroup;
			children = (
				F7DCF8CE286FB9820080F027 /* LaunchScreen.storyboard */,
			);
			path = Storyboards;
			sourceTree = "<group>";
		};
		F7DCF8F2286FC47D0080F027 /* Other */ = {
			isa = PBXGroup;
			children = (
				F73114092887155300BEEFD7 /* Auth */,
				F79753B6287447EA00A60474 /* Explore */,
			);
			path = Other;
			sourceTree = "<group>";
		};
		FC864729833DFC0BF0200DED /* Pods */ = {
			isa = PBXGroup;
			children = (
				B5CE6E5E67A36FEA48C23B25 /* Pods-Tiktok.debug.xcconfig */,
				8A5FDCBC4ED90FFA3E9320F8 /* Pods-Tiktok.release.xcconfig */,
			);
			path = Pods;
			sourceTree = "<group>";
		};
/* End PBXGroup section */

/* Begin PBXNativeTarget section */
		F7DCF8BF286FB9800080F027 /* Tiktok */ = {
			isa = PBXNativeTarget;
			buildConfigurationList = F7DCF8D4286FB9820080F027 /* Build configuration list for PBXNativeTarget "Tiktok" */;
			buildPhases = (
				F4ECE1FEA5B8A8FFE0227038 /* [CP] Check Pods Manifest.lock */,
				F7DCF8BC286FB9800080F027 /* Sources */,
				F7DCF8BD286FB9800080F027 /* Frameworks */,
				F7DCF8BE286FB9800080F027 /* Resources */,
				E6CD0009D310717955BD576F /* [CP] Embed Pods Frameworks */,
				F797538C286FD62800A60474 /* ShellScript */,
			);
			buildRules = (
			);
			dependencies = (
			);
			name = Tiktok;
			productName = Tiktok;
			productReference = F7DCF8C0286FB9800080F027 /* Tiktok.app */;
			productType = "com.apple.product-type.application";
		};
/* End PBXNativeTarget section */

/* Begin PBXProject section */
		F7DCF8B8286FB9800080F027 /* Project object */ = {
			isa = PBXProject;
			attributes = {
				BuildIndependentTargetsInParallel = 1;
				LastSwiftUpdateCheck = 1340;
				LastUpgradeCheck = 1340;
				TargetAttributes = {
					F7DCF8BF286FB9800080F027 = {
						CreatedOnToolsVersion = 13.4.1;
					};
				};
			};
			buildConfigurationList = F7DCF8BB286FB9800080F027 /* Build configuration list for PBXProject "Tiktok" */;
			compatibilityVersion = "Xcode 13.0";
			developmentRegion = en;
			hasScannedForEncodings = 0;
			knownRegions = (
				en,
				Base,
			);
			mainGroup = F7DCF8B7286FB9800080F027;
			productRefGroup = F7DCF8C1286FB9800080F027 /* Products */;
			projectDirPath = "";
			projectRoot = "";
			targets = (
				F7DCF8BF286FB9800080F027 /* Tiktok */,
			);
		};
/* End PBXProject section */

/* Begin PBXResourcesBuildPhase section */
		F7DCF8BE286FB9800080F027 /* Resources */ = {
			isa = PBXResourcesBuildPhase;
			buildActionMask = 2147483647;
			files = (
				F79753C228744D0200A60474 /* explore.json in Resources */,
				F7DCF902286FCE8D0080F027 /* Asset.xcassets in Resources */,
				F797539A2874102600A60474 /* m.mp4 in Resources */,
				F7DCF8D0286FB9820080F027 /* LaunchScreen.storyboard in Resources */,
				F797538B286FD3D600A60474 /* GoogleService-Info.plist in Resources */,
			);
			runOnlyForDeploymentPostprocessing = 0;
		};
/* End PBXResourcesBuildPhase section */

/* Begin PBXShellScriptBuildPhase section */
		E6CD0009D310717955BD576F /* [CP] Embed Pods Frameworks */ = {
			isa = PBXShellScriptBuildPhase;
			buildActionMask = 2147483647;
			files = (
			);
			inputFileListPaths = (
				"${PODS_ROOT}/Target Support Files/Pods-Tiktok/Pods-Tiktok-frameworks-${CONFIGURATION}-input-files.xcfilelist",
			);
			name = "[CP] Embed Pods Frameworks";
			outputFileListPaths = (
				"${PODS_ROOT}/Target Support Files/Pods-Tiktok/Pods-Tiktok-frameworks-${CONFIGURATION}-output-files.xcfilelist",
			);
			runOnlyForDeploymentPostprocessing = 0;
			shellPath = /bin/sh;
			shellScript = "\"${PODS_ROOT}/Target Support Files/Pods-Tiktok/Pods-Tiktok-frameworks.sh\"\n";
			showEnvVarsInLog = 0;
		};
		F4ECE1FEA5B8A8FFE0227038 /* [CP] Check Pods Manifest.lock */ = {
			isa = PBXShellScriptBuildPhase;
			buildActionMask = 2147483647;
			files = (
			);
			inputFileListPaths = (
			);
			inputPaths = (
				"${PODS_PODFILE_DIR_PATH}/Podfile.lock",
				"${PODS_ROOT}/Manifest.lock",
			);
			name = "[CP] Check Pods Manifest.lock";
			outputFileListPaths = (
			);
			outputPaths = (
				"$(DERIVED_FILE_DIR)/Pods-Tiktok-checkManifestLockResult.txt",
			);
			runOnlyForDeploymentPostprocessing = 0;
			shellPath = /bin/sh;
			shellScript = "diff \"${PODS_PODFILE_DIR_PATH}/Podfile.lock\" \"${PODS_ROOT}/Manifest.lock\" > /dev/null\nif [ $? != 0 ] ; then\n    # print error to STDERR\n    echo \"error: The sandbox is not in sync with the Podfile.lock. Run 'pod install' or update your CocoaPods installation.\" >&2\n    exit 1\nfi\n# This output is used by Xcode 'outputs' to avoid re-running this script phase.\necho \"SUCCESS\" > \"${SCRIPT_OUTPUT_FILE_0}\"\n";
			showEnvVarsInLog = 0;
		};
		F797538C286FD62800A60474 /* ShellScript */ = {
			isa = PBXShellScriptBuildPhase;
			buildActionMask = 2147483647;
			files = (
			);
			inputFileListPaths = (
			);
			inputPaths = (
			);
			outputFileListPaths = (
			);
			outputPaths = (
			);
			runOnlyForDeploymentPostprocessing = 0;
			shellPath = /bin/sh;
			shellScript = "\"${PODS_ROOT}/FirebaseCrashlytics/run\"\n";
		};
/* End PBXShellScriptBuildPhase section */

/* Begin PBXSourcesBuildPhase section */
		F7DCF8BC286FB9800080F027 /* Sources */ = {
			isa = PBXSourcesBuildPhase;
			buildActionMask = 2147483647;
			files = (
				F79753AB2874288900A60474 /* ExploreSectionType.swift in Sources */,
				F731140B2887158700BEEFD7 /* AuthButton.swift in Sources */,
				F79753BA2874480800A60474 /* ExploreHashtagCollectionViewCell.swift in Sources */,
				F797539C287427AA00A60474 /* ExploreBannerViewModel.swift in Sources */,
				F79753922871E3B200A60474 /* CommentViewController.swift in Sources */,
				F7DCF8FE286FC5100080F027 /* HapticsManager.swift in Sources */,
				F7DCF8FA286FC4D90080F027 /* DatabaseManager.swift in Sources */,
				F7975398287299F500A60474 /* CommentTableViewCell.swift in Sources */,
				F79753A92874287600A60474 /* ExploreCell.swift in Sources */,
				F79753B8287447FA00A60474 /* ExploreUserCollectionViewCell.swift in Sources */,
				F79753A42874283600A60474 /* ExploreManager.swift in Sources */,
				F79753A0287427DE00A60474 /* ExploreHashTagViewModel.swift in Sources */,
				F79753A2287427F500A60474 /* ExploreUserViewModel.swift in Sources */,
				F797539628728F3100A60474 /* postComment.swift in Sources */,
				F7DCF8E0286FC3860080F027 /* ExploreViewController.swift in Sources */,
				F797538E286FF67900A60474 /* Extensions.swift in Sources */,
				F7DCF8EE286FC3EB0080F027 /* SettingViewController.swift in Sources */,
				F7DCF8E8286FC3C20080F027 /* UserListViewController.swift in Sources */,
				F7DCF8F4286FC4A40080F027 /* PostViewController.swift in Sources */,
				F7DCF8E2286FC3920080F027 /* CameraViewController.swift in Sources */,
				F797539E287427C000A60474 /* ExplorePostViewModel.swift in Sources */,
				F73114082887154000BEEFD7 /* AuthField.swift in Sources */,
				F7DCF8F0286FC41B0080F027 /* TabBarViewController.swift in Sources */,
				F7DCF8C8286FB9800080F027 /* HomeViewController.swift in Sources */,
				F79753B5287428CB00A60474 /* Creator.swift in Sources */,
				F7DCF8E4286FC39E0080F027 /* NotificationsViewController.swift in Sources */,
				F79753B1287428B400A60474 /* Post.swift in Sources */,
				F7DCF8FC286FC4F40080F027 /* AuthenticationManager.swift in Sources */,
				F79753BC2874481500A60474 /* ExplorePostCollectionViewCell.swift in Sources */,
				F7DCF8E6286FC3A90080F027 /* ProfileViewController.swift in Sources */,
				F7DCF8EA286FC3D20080F027 /* SignUpViewController.swift in Sources */,
				F7DCF8C4286FB9800080F027 /* AppDelegate.swift in Sources */,
				F7DCF8F8286FC4C20080F027 /* StorageManager.swift in Sources */,
				F79753AF287428AC00A60474 /* Banner.swift in Sources */,
				F7DCF8EC286FC3DE0080F027 /* SignInViewController.swift in Sources */,
				F7975390287000D600A60474 /* PostModel.swift in Sources */,
				F7DCF8C6286FB9800080F027 /* SceneDelegate.swift in Sources */,
				F797539428728ED700A60474 /* User.swift in Sources */,
				F79753BE2874482100A60474 /* ExploreBannerCollectionViewCell.swift in Sources */,
				F79753AD287428A100A60474 /* ExploreResponse.swift in Sources */,
				F79753B3287428C200A60474 /* Hashtag.swift in Sources */,
				F79753A72874285700A60474 /* ExploreSection.swift in Sources */,
			);
			runOnlyForDeploymentPostprocessing = 0;
		};
/* End PBXSourcesBuildPhase section */

/* Begin PBXVariantGroup section */
		F7DCF8CE286FB9820080F027 /* LaunchScreen.storyboard */ = {
			isa = PBXVariantGroup;
			children = (
				F7DCF8CF286FB9820080F027 /* Base */,
			);
			name = LaunchScreen.storyboard;
			sourceTree = "<group>";
		};
/* End PBXVariantGroup section */

/* Begin XCBuildConfiguration section */
		F7DCF8D2286FB9820080F027 /* Debug */ = {
			isa = XCBuildConfiguration;
			buildSettings = {
				ALWAYS_SEARCH_USER_PATHS = NO;
				CLANG_ANALYZER_NONNULL = YES;
				CLANG_ANALYZER_NUMBER_OBJECT_CONVERSION = YES_AGGRESSIVE;
				CLANG_CXX_LANGUAGE_STANDARD = "gnu++17";
				CLANG_ENABLE_MODULES = YES;
				CLANG_ENABLE_OBJC_ARC = YES;
				CLANG_ENABLE_OBJC_WEAK = YES;
				CLANG_WARN_BLOCK_CAPTURE_AUTORELEASING = YES;
				CLANG_WARN_BOOL_CONVERSION = YES;
				CLANG_WARN_COMMA = YES;
				CLANG_WARN_CONSTANT_CONVERSION = YES;
				CLANG_WARN_DEPRECATED_OBJC_IMPLEMENTATIONS = YES;
				CLANG_WARN_DIRECT_OBJC_ISA_USAGE = YES_ERROR;
				CLANG_WARN_DOCUMENTATION_COMMENTS = YES;
				CLANG_WARN_EMPTY_BODY = YES;
				CLANG_WARN_ENUM_CONVERSION = YES;
				CLANG_WARN_INFINITE_RECURSION = YES;
				CLANG_WARN_INT_CONVERSION = YES;
				CLANG_WARN_NON_LITERAL_NULL_CONVERSION = YES;
				CLANG_WARN_OBJC_IMPLICIT_RETAIN_SELF = YES;
				CLANG_WARN_OBJC_LITERAL_CONVERSION = YES;
				CLANG_WARN_OBJC_ROOT_CLASS = YES_ERROR;
				CLANG_WARN_QUOTED_INCLUDE_IN_FRAMEWORK_HEADER = YES;
				CLANG_WARN_RANGE_LOOP_ANALYSIS = YES;
				CLANG_WARN_STRICT_PROTOTYPES = YES;
				CLANG_WARN_SUSPICIOUS_MOVE = YES;
				CLANG_WARN_UNGUARDED_AVAILABILITY = YES_AGGRESSIVE;
				CLANG_WARN_UNREACHABLE_CODE = YES;
				CLANG_WARN__DUPLICATE_METHOD_MATCH = YES;
				COPY_PHASE_STRIP = NO;
				DEBUG_INFORMATION_FORMAT = dwarf;
				ENABLE_STRICT_OBJC_MSGSEND = YES;
				ENABLE_TESTABILITY = YES;
				GCC_C_LANGUAGE_STANDARD = gnu11;
				GCC_DYNAMIC_NO_PIC = NO;
				GCC_NO_COMMON_BLOCKS = YES;
				GCC_OPTIMIZATION_LEVEL = 0;
				GCC_PREPROCESSOR_DEFINITIONS = (
					"DEBUG=1",
					"$(inherited)",
				);
				GCC_WARN_64_TO_32_BIT_CONVERSION = YES;
				GCC_WARN_ABOUT_RETURN_TYPE = YES_ERROR;
				GCC_WARN_UNDECLARED_SELECTOR = YES;
				GCC_WARN_UNINITIALIZED_AUTOS = YES_AGGRESSIVE;
				GCC_WARN_UNUSED_FUNCTION = YES;
				GCC_WARN_UNUSED_VARIABLE = YES;
				IPHONEOS_DEPLOYMENT_TARGET = 15.5;
				MTL_ENABLE_DEBUG_INFO = INCLUDE_SOURCE;
				MTL_FAST_MATH = YES;
				ONLY_ACTIVE_ARCH = YES;
				SDKROOT = iphoneos;
				SWIFT_ACTIVE_COMPILATION_CONDITIONS = DEBUG;
				SWIFT_OPTIMIZATION_LEVEL = "-Onone";
			};
			name = Debug;
		};
		F7DCF8D3286FB9820080F027 /* Release */ = {
			isa = XCBuildConfiguration;
			buildSettings = {
				ALWAYS_SEARCH_USER_PATHS = NO;
				CLANG_ANALYZER_NONNULL = YES;
				CLANG_ANALYZER_NUMBER_OBJECT_CONVERSION = YES_AGGRESSIVE;
				CLANG_CXX_LANGUAGE_STANDARD = "gnu++17";
				CLANG_ENABLE_MODULES = YES;
				CLANG_ENABLE_OBJC_ARC = YES;
				CLANG_ENABLE_OBJC_WEAK = YES;
				CLANG_WARN_BLOCK_CAPTURE_AUTORELEASING = YES;
				CLANG_WARN_BOOL_CONVERSION = YES;
				CLANG_WARN_COMMA = YES;
				CLANG_WARN_CONSTANT_CONVERSION = YES;
				CLANG_WARN_DEPRECATED_OBJC_IMPLEMENTATIONS = YES;
				CLANG_WARN_DIRECT_OBJC_ISA_USAGE = YES_ERROR;
				CLANG_WARN_DOCUMENTATION_COMMENTS = YES;
				CLANG_WARN_EMPTY_BODY = YES;
				CLANG_WARN_ENUM_CONVERSION = YES;
				CLANG_WARN_INFINITE_RECURSION = YES;
				CLANG_WARN_INT_CONVERSION = YES;
				CLANG_WARN_NON_LITERAL_NULL_CONVERSION = YES;
				CLANG_WARN_OBJC_IMPLICIT_RETAIN_SELF = YES;
				CLANG_WARN_OBJC_LITERAL_CONVERSION = YES;
				CLANG_WARN_OBJC_ROOT_CLASS = YES_ERROR;
				CLANG_WARN_QUOTED_INCLUDE_IN_FRAMEWORK_HEADER = YES;
				CLANG_WARN_RANGE_LOOP_ANALYSIS = YES;
				CLANG_WARN_STRICT_PROTOTYPES = YES;
				CLANG_WARN_SUSPICIOUS_MOVE = YES;
				CLANG_WARN_UNGUARDED_AVAILABILITY = YES_AGGRESSIVE;
				CLANG_WARN_UNREACHABLE_CODE = YES;
				CLANG_WARN__DUPLICATE_METHOD_MATCH = YES;
				COPY_PHASE_STRIP = NO;
				DEBUG_INFORMATION_FORMAT = "dwarf-with-dsym";
				ENABLE_NS_ASSERTIONS = NO;
				ENABLE_STRICT_OBJC_MSGSEND = YES;
				GCC_C_LANGUAGE_STANDARD = gnu11;
				GCC_NO_COMMON_BLOCKS = YES;
				GCC_WARN_64_TO_32_BIT_CONVERSION = YES;
				GCC_WARN_ABOUT_RETURN_TYPE = YES_ERROR;
				GCC_WARN_UNDECLARED_SELECTOR = YES;
				GCC_WARN_UNINITIALIZED_AUTOS = YES_AGGRESSIVE;
				GCC_WARN_UNUSED_FUNCTION = YES;
				GCC_WARN_UNUSED_VARIABLE = YES;
				IPHONEOS_DEPLOYMENT_TARGET = 15.5;
				MTL_ENABLE_DEBUG_INFO = NO;
				MTL_FAST_MATH = YES;
				SDKROOT = iphoneos;
				SWIFT_COMPILATION_MODE = wholemodule;
				SWIFT_OPTIMIZATION_LEVEL = "-O";
				VALIDATE_PRODUCT = YES;
			};
			name = Release;
		};
		F7DCF8D5286FB9820080F027 /* Debug */ = {
			isa = XCBuildConfiguration;
			baseConfigurationReference = B5CE6E5E67A36FEA48C23B25 /* Pods-Tiktok.debug.xcconfig */;
			buildSettings = {
				ASSETCATALOG_COMPILER_APPICON_NAME = AppIcon;
				ASSETCATALOG_COMPILER_GLOBAL_ACCENT_COLOR_NAME = AccentColor;
				CODE_SIGN_STYLE = Automatic;
				CURRENT_PROJECT_VERSION = 1;
				DEVELOPMENT_TEAM = FM3R9QLSW4;
				GENERATE_INFOPLIST_FILE = YES;
				INFOPLIST_FILE = Tiktok/Info.plist;
				INFOPLIST_KEY_CFBundleDisplayName = Tiktok;
				INFOPLIST_KEY_UIApplicationSupportsIndirectInputEvents = YES;
				INFOPLIST_KEY_UILaunchStoryboardName = LaunchScreen;
				INFOPLIST_KEY_UISupportedInterfaceOrientations = UIInterfaceOrientationPortrait;
				INFOPLIST_KEY_UISupportedInterfaceOrientations_iPad = "UIInterfaceOrientationPortrait UIInterfaceOrientationPortraitUpsideDown UIInterfaceOrientationLandscapeLeft UIInterfaceOrientationLandscapeRight";
				INFOPLIST_KEY_UISupportedInterfaceOrientations_iPhone = "UIInterfaceOrientationPortrait UIInterfaceOrientationLandscapeLeft UIInterfaceOrientationLandscapeRight";
				IPHONEOS_DEPLOYMENT_TARGET = 13.0;
				LD_RUNPATH_SEARCH_PATHS = (
					"$(inherited)",
					"@executable_path/Frameworks",
				);
				MARKETING_VERSION = 1.0;
				PRODUCT_BUNDLE_IDENTIFIER = sabahy.com.Tiktok;
				PRODUCT_NAME = "$(TARGET_NAME)";
				SWIFT_EMIT_LOC_STRINGS = YES;
				SWIFT_VERSION = 5.0;
				TARGETED_DEVICE_FAMILY = 1;
			};
			name = Debug;
		};
		F7DCF8D6286FB9820080F027 /* Release */ = {
			isa = XCBuildConfiguration;
			baseConfigurationReference = 8A5FDCBC4ED90FFA3E9320F8 /* Pods-Tiktok.release.xcconfig */;
			buildSettings = {
				ASSETCATALOG_COMPILER_APPICON_NAME = AppIcon;
				ASSETCATALOG_COMPILER_GLOBAL_ACCENT_COLOR_NAME = AccentColor;
				CODE_SIGN_STYLE = Automatic;
				CURRENT_PROJECT_VERSION = 1;
				DEVELOPMENT_TEAM = FM3R9QLSW4;
				GENERATE_INFOPLIST_FILE = YES;
				INFOPLIST_FILE = Tiktok/Info.plist;
				INFOPLIST_KEY_CFBundleDisplayName = Tiktok;
				INFOPLIST_KEY_UIApplicationSupportsIndirectInputEvents = YES;
				INFOPLIST_KEY_UILaunchStoryboardName = LaunchScreen;
				INFOPLIST_KEY_UISupportedInterfaceOrientations = UIInterfaceOrientationPortrait;
				INFOPLIST_KEY_UISupportedInterfaceOrientations_iPad = "UIInterfaceOrientationPortrait UIInterfaceOrientationPortraitUpsideDown UIInterfaceOrientationLandscapeLeft UIInterfaceOrientationLandscapeRight";
				INFOPLIST_KEY_UISupportedInterfaceOrientations_iPhone = "UIInterfaceOrientationPortrait UIInterfaceOrientationLandscapeLeft UIInterfaceOrientationLandscapeRight";
				IPHONEOS_DEPLOYMENT_TARGET = 13.0;
				LD_RUNPATH_SEARCH_PATHS = (
					"$(inherited)",
					"@executable_path/Frameworks",
				);
				MARKETING_VERSION = 1.0;
				PRODUCT_BUNDLE_IDENTIFIER = sabahy.com.Tiktok;
				PRODUCT_NAME = "$(TARGET_NAME)";
				SWIFT_EMIT_LOC_STRINGS = YES;
				SWIFT_VERSION = 5.0;
				TARGETED_DEVICE_FAMILY = 1;
			};
			name = Release;
		};
/* End XCBuildConfiguration section */

/* Begin XCConfigurationList section */
		F7DCF8BB286FB9800080F027 /* Build configuration list for PBXProject "Tiktok" */ = {
			isa = XCConfigurationList;
			buildConfigurations = (
				F7DCF8D2286FB9820080F027 /* Debug */,
				F7DCF8D3286FB9820080F027 /* Release */,
			);
			defaultConfigurationIsVisible = 0;
			defaultConfigurationName = Release;
		};
		F7DCF8D4286FB9820080F027 /* Build configuration list for PBXNativeTarget "Tiktok" */ = {
			isa = XCConfigurationList;
			buildConfigurations = (
				F7DCF8D5286FB9820080F027 /* Debug */,
				F7DCF8D6286FB9820080F027 /* Release */,
			);
			defaultConfigurationIsVisible = 0;
			defaultConfigurationName = Release;
		};
/* End XCConfigurationList section */
	};
	rootObject = F7DCF8B8286FB9800080F027 /* Project object */;
}
